
Microsoft Visual Studio Solution File, Format Version 12.00
# Visual Studio Version 17
VisualStudioVersion = 17.11.35327.3
MinimumVisualStudioVersion = 10.0.40219.1
Project("{9A19103F-16F7-4668-BE54-9A1E7A4F7556}") = "AirportTicketBookingSystem.Tests", "AirportTicketBookingSystem.Tests\AirportTicketBookingSystem.Tests.csproj", "{58D0CF57-154C-4D9A-B975-9C5056BA2E1C}"
EndProject
Project("{9A19103F-16F7-4668-BE54-9A1E7A4F7556}") = "AirportTicketBookingSystem", "AirportTicketBookingSystem\AirportTicketBookingSystem.csproj", "{0F4C7918-3A1E-4FAD-B3E5-1BBA89E881F7}"
EndProject
Global
	GlobalSection(SolutionConfigurationPlatforms) = preSolution
		Debug|Any CPU = Debug|Any CPU
		Release|Any CPU = Release|Any CPU
	EndGlobalSection
	GlobalSection(ProjectConfigurationPlatforms) = postSolution
		{58D0CF57-154C-4D9A-B975-9C5056BA2E1C}.Debug|Any CPU.ActiveCfg = Debug|Any CPU
		{58D0CF57-154C-4D9A-B975-9C5056BA2E1C}.Debug|Any CPU.Build.0 = Debug|Any CPU
		{58D0CF57-154C-4D9A-B975-9C5056BA2E1C}.Release|Any CPU.ActiveCfg = Release|Any CPU
		{58D0CF57-154C-4D9A-B975-9C5056BA2E1C}.Release|Any CPU.Build.0 = Release|Any CPU
		{0F4C7918-3A1E-4FAD-B3E5-1BBA89E881F7}.Debug|Any CPU.ActiveCfg = Debug|Any CPU
		{0F4C7918-3A1E-4FAD-B3E5-1BBA89E881F7}.Debug|Any CPU.Build.0 = Debug|Any CPU
		{0F4C7918-3A1E-4FAD-B3E5-1BBA89E881F7}.Release|Any CPU.ActiveCfg = Release|Any CPU
		{0F4C7918-3A1E-4FAD-B3E5-1BBA89E881F7}.Release|Any CPU.Build.0 = Release|Any CPU
	EndGlobalSection
	GlobalSection(SolutionProperties) = preSolution
		HideSolutionNode = FALSE
	EndGlobalSection
	GlobalSection(ExtensibilityGlobals) = postSolution
		SolutionGuid = {F128D93E-11AA-4E89-8608-956AF86137D4}
	EndGlobalSection
EndGlobal
